
Microsoft Visual Studio Solution File, Format Version 12.00
# Visual Studio 15
VisualStudioVersion = 15.0.27130.2036
MinimumVisualStudioVersion = 10.0.40219.1
Project("{FAE04EC0-301F-11D3-BF4B-00C04F79EFBC}") = "WCFserver", "WCFserver\WCFserver.csproj", "{C520B26D-190B-4007-838A-B3F457F5EF42}"
EndProject
Global
	GlobalSection(SolutionConfigurationPlatforms) = preSolution
		Debug|Any CPU = Debug|Any CPU
		Release|Any CPU = Release|Any CPU
	EndGlobalSection
	GlobalSection(ProjectConfigurationPlatforms) = postSolution
		{C520B26D-190B-4007-838A-B3F457F5EF42}.Debug|Any CPU.ActiveCfg = Debug|Any CPU
		{C520B26D-190B-4007-838A-B3F457F5EF42}.Debug|Any CPU.Build.0 = Debug|Any CPU
		{C520B26D-190B-4007-838A-B3F457F5EF42}.Release|Any CPU.ActiveCfg = Release|Any CPU
		{C520B26D-190B-4007-838A-B3F457F5EF42}.Release|Any CPU.Build.0 = Release|Any CPU
	EndGlobalSection
	GlobalSection(SolutionProperties) = preSolution
		HideSolutionNode = FALSE
	EndGlobalSection
	GlobalSection(ExtensibilityGlobals) = postSolution
		SolutionGuid = {E646D206-8E5B-4D9D-B9A4-F5F87DD6EF6B}
	EndGlobalSection
EndGlobal
